
Microsoft Visual Studio Solution File, Format Version 12.00
# Visual Studio Version 16
VisualStudioVersion = 16.0.32002.261
MinimumVisualStudioVersion = 10.0.40219.1
Project("{FAE04EC0-301F-11D3-BF4B-00C04F79EFBC}") = "WCFService_2Way_036", "WCFService_2Way_036\WCFService_2Way_036.csproj", "{BCB868F9-1AE8-4342-9849-863A073A8AA8}"
EndProject
Global
	GlobalSection(SolutionConfigurationPlatforms) = preSolution
		Debug|Any CPU = Debug|Any CPU
		Release|Any CPU = Release|Any CPU
	EndGlobalSection
	GlobalSection(ProjectConfigurationPlatforms) = postSolution
		{BCB868F9-1AE8-4342-9849-863A073A8AA8}.Debug|Any CPU.ActiveCfg = Debug|Any CPU
		{BCB868F9-1AE8-4342-9849-863A073A8AA8}.Debug|Any CPU.Build.0 = Debug|Any CPU
		{BCB868F9-1AE8-4342-9849-863A073A8AA8}.Release|Any CPU.ActiveCfg = Release|Any CPU
		{BCB868F9-1AE8-4342-9849-863A073A8AA8}.Release|Any CPU.Build.0 = Release|Any CPU
	EndGlobalSection
	GlobalSection(SolutionProperties) = preSolution
		HideSolutionNode = FALSE
	EndGlobalSection
	GlobalSection(ExtensibilityGlobals) = postSolution
		SolutionGuid = {43368DF7-1864-40FB-A5EF-9FD97BE6F189}
	EndGlobalSection
EndGlobal
